
Microsoft Visual Studio Solution File, Format Version 12.00
# Visual Studio Version 17
VisualStudioVersion = 17.5.002.0
MinimumVisualStudioVersion = 10.0.40219.1
Project("{9A19103F-16F7-4668-BE54-9A1E7A4F7556}") = "DesafioFundamentos", "DesafioFundamentos\DesafioFundamentos.csproj", "{FDD091CB-FAC8-44C4-8FEB-4B37459C530A}"
EndProject
Global
	GlobalSection(SolutionConfigurationPlatforms) = preSolution
		Debug|Any CPU = Debug|Any CPU
		Release|Any CPU = Release|Any CPU
	EndGlobalSection
	GlobalSection(ProjectConfigurationPlatforms) = postSolution
		{FDD091CB-FAC8-44C4-8FEB-4B37459C530A}.Debug|Any CPU.ActiveCfg = Debug|Any CPU
		{FDD091CB-FAC8-44C4-8FEB-4B37459C530A}.Debug|Any CPU.Build.0 = Debug|Any CPU
		{FDD091CB-FAC8-44C4-8FEB-4B37459C530A}.Release|Any CPU.ActiveCfg = Release|Any CPU
		{FDD091CB-FAC8-44C4-8FEB-4B37459C530A}.Release|Any CPU.Build.0 = Release|Any CPU
	EndGlobalSection
	GlobalSection(SolutionProperties) = preSolution
		HideSolutionNode = FALSE
	EndGlobalSection
	GlobalSection(ExtensibilityGlobals) = postSolution
		SolutionGuid = {006897F0-F9DD-4ECA-801E-D88314246939}
	EndGlobalSection
EndGlobal
